
Microsoft Visual Studio Solution File, Format Version 12.00
# Visual Studio 15
VisualStudioVersion = 15.0.28010.2019
MinimumVisualStudioVersion = 10.0.40219.1
Project("{FAE04EC0-301F-11D3-BF4B-00C04F79EFBC}") = "CoveoChallenge", "CoveoChallenge\CoveoChallenge.csproj", "{A05BAD71-90CD-436B-9E3E-DDEA79204DE8}"
EndProject
Global
	GlobalSection(SolutionConfigurationPlatforms) = preSolution
		Debug|Any CPU = Debug|Any CPU
		Release|Any CPU = Release|Any CPU
	EndGlobalSection
	GlobalSection(ProjectConfigurationPlatforms) = postSolution
		{A05BAD71-90CD-436B-9E3E-DDEA79204DE8}.Debug|Any CPU.ActiveCfg = Debug|Any CPU
		{A05BAD71-90CD-436B-9E3E-DDEA79204DE8}.Debug|Any CPU.Build.0 = Debug|Any CPU
		{A05BAD71-90CD-436B-9E3E-DDEA79204DE8}.Release|Any CPU.ActiveCfg = Release|Any CPU
		{A05BAD71-90CD-436B-9E3E-DDEA79204DE8}.Release|Any CPU.Build.0 = Release|Any CPU
	EndGlobalSection
	GlobalSection(SolutionProperties) = preSolution
		HideSolutionNode = FALSE
	EndGlobalSection
	GlobalSection(ExtensibilityGlobals) = postSolution
		SolutionGuid = {AA413777-B1EF-4B24-A7BF-582C9CC8FC13}
	EndGlobalSection
EndGlobal
